// !$*UTF8*$!
{
	archiveVersion = 1;
	classes = {
	};
	objectVersion = 50;
	objects = {

/* Begin PBXBuildFile section */
		36FFDB632154806300738DA0 /* AppDelegate.m in Sources */ = {isa = PBXBuildFile; fileRef = 36FFDB622154806300738DA0 /* AppDelegate.m */; };
		36FFDB662154806300738DA0 /* ViewController.m in Sources */ = {isa = PBXBuildFile; fileRef = 36FFDB652154806300738DA0 /* ViewController.m */; };
		36FFDB692154806300738DA0 /* Main.storyboard in Resources */ = {isa = PBXBuildFile; fileRef = 36FFDB672154806300738DA0 /* Main.storyboard */; };
		36FFDB6B2154806600738DA0 /* Assets.xcassets in Resources */ = {isa = PBXBuildFile; fileRef = 36FFDB6A2154806600738DA0 /* Assets.xcassets */; };
		36FFDB6E2154806600738DA0 /* LaunchScreen.storyboard in Resources */ = {isa = PBXBuildFile; fileRef = 36FFDB6C2154806600738DA0 /* LaunchScreen.storyboard */; };
		36FFDB712154806600738DA0 /* main.m in Sources */ = {isa = PBXBuildFile; fileRef = 36FFDB702154806600738DA0 /* main.m */; };
		36FFDB792154811000738DA0 /* shader.fsh in Resources */ = {isa = PBXBuildFile; fileRef = 36FFDB772154810F00738DA0 /* shader.fsh */; };
		36FFDB7A2154811000738DA0 /* shader.vsh in Resources */ = {isa = PBXBuildFile; fileRef = 36FFDB782154811000738DA0 /* shader.vsh */; };
		36FFDB7D2154814A00738DA0 /* GLRenderView.m in Sources */ = {isa = PBXBuildFile; fileRef = 36FFDB7C2154814A00738DA0 /* GLRenderView.m */; };
		36FFDB7F2154865F00738DA0 /* test.jpg in Resources */ = {isa = PBXBuildFile; fileRef = 36FFDB7E2154865F00738DA0 /* test.jpg */; };
		36FFDB822154E1F900738DA0 /* test2.jpg in Resources */ = {isa = PBXBuildFile; fileRef = 36FFDB812154E1F900738DA0 /* test2.jpg */; };
/* End PBXBuildFile section */

/* Begin PBXFileReference section */
		36FFDB5E2154806300738DA0 /* OpenGLDemo.app */ = {isa = PBXFileReference; explicitFileType = wrapper.application; includeInIndex = 0; path = OpenGLDemo.app; sourceTree = BUILT_PRODUCTS_DIR; };
		36FFDB612154806300738DA0 /* AppDelegate.h */ = {isa = PBXFileReference; lastKnownFileType = sourcecode.c.h; path = AppDelegate.h; sourceTree = "<group>"; };
		36FFDB622154806300738DA0 /* AppDelegate.m */ = {isa = PBXFileReference; lastKnownFileType = sourcecode.c.objc; path = AppDelegate.m; sourceTree = "<group>"; };
		36FFDB642154806300738DA0 /* ViewController.h */ = {isa = PBXFileReference; lastKnownFileType = sourcecode.c.h; path = ViewController.h; sourceTree = "<group>"; };
		36FFDB652154806300738DA0 /* ViewController.m */ = {isa = PBXFileReference; lastKnownFileType = sourcecode.c.objc; path = ViewController.m; sourceTree = "<group>"; };
		36FFDB682154806300738DA0 /* Base */ = {isa = PBXFileReference; lastKnownFileType = file.storyboard; name = Base; path = Base.lproj/Main.storyboard; sourceTree = "<group>"; };
		36FFDB6A2154806600738DA0 /* Assets.xcassets */ = {isa = PBXFileReference; lastKnownFileType = folder.assetcatalog; path = Assets.xcassets; sourceTree = "<group>"; };
		36FFDB6D2154806600738DA0 /* Base */ = {isa = PBXFileReference; lastKnownFileType = file.storyboard; name = Base; path = Base.lproj/LaunchScreen.storyboard; sourceTree = "<group>"; };
		36FFDB6F2154806600738DA0 /* Info.plist */ = {isa = PBXFileReference; lastKnownFileType = text.plist.xml; path = Info.plist; sourceTree = "<group>"; };
		36FFDB702154806600738DA0 /* main.m */ = {isa = PBXFileReference; lastKnownFileType = sourcecode.c.objc; path = main.m; sourceTree = "<group>"; };
		36FFDB772154810F00738DA0 /* shader.fsh */ = {isa = PBXFileReference; fileEncoding = 4; lastKnownFileType = sourcecode.glsl; path = shader.fsh; sourceTree = "<group>"; };
		36FFDB782154811000738DA0 /* shader.vsh */ = {isa = PBXFileReference; fileEncoding = 4; lastKnownFileType = sourcecode.glsl; path = shader.vsh; sourceTree = "<group>"; };
		36FFDB7B2154814A00738DA0 /* GLRenderView.h */ = {isa = PBXFileReference; lastKnownFileType = sourcecode.c.h; path = GLRenderView.h; sourceTree = "<group>"; };
		36FFDB7C2154814A00738DA0 /* GLRenderView.m */ = {isa = PBXFileReference; lastKnownFileType = sourcecode.c.objc; path = GLRenderView.m; sourceTree = "<group>"; };
		36FFDB7E2154865F00738DA0 /* test.jpg */ = {isa = PBXFileReference; lastKnownFileType = image.jpeg; path = test.jpg; sourceTree = "<group>"; };
		36FFDB812154E1F900738DA0 /* test2.jpg */ = {isa = PBXFileReference; lastKnownFileType = image.jpeg; path = test2.jpg; sourceTree = "<group>"; };
/* End PBXFileReference section */

/* Begin PBXFrameworksBuildPhase section */
		36FFDB5B2154806300738DA0 /* Frameworks */ = {
			isa = PBXFrameworksBuildPhase;
			buildActionMask = 2147483647;
			files = (
			);
			runOnlyForDeploymentPostprocessing = 0;
		};
/* End PBXFrameworksBuildPhase section */

/* Begin PBXGroup section */
		36FFDB552154806300738DA0 = {
			isa = PBXGroup;
			children = (
				36FFDB602154806300738DA0 /* OpenGLDemo */,
				36FFDB5F2154806300738DA0 /* Products */,
			);
			sourceTree = "<group>";
		};
		36FFDB5F2154806300738DA0 /* Products */ = {
			isa = PBXGroup;
			children = (
				36FFDB5E2154806300738DA0 /* OpenGLDemo.app */,
			);
			name = Products;
			sourceTree = "<group>";
		};
		36FFDB602154806300738DA0 /* OpenGLDemo */ = {
			isa = PBXGroup;
			children = (
				36FFDB612154806300738DA0 /* AppDelegate.h */,
				36FFDB622154806300738DA0 /* AppDelegate.m */,
				36FFDB642154806300738DA0 /* ViewController.h */,
				36FFDB652154806300738DA0 /* ViewController.m */,
				36FFDB7B2154814A00738DA0 /* GLRenderView.h */,
				36FFDB7C2154814A00738DA0 /* GLRenderView.m */,
				36FFDB7E2154865F00738DA0 /* test.jpg */,
				36FFDB812154E1F900738DA0 /* test2.jpg */,
				36FFDB772154810F00738DA0 /* shader.fsh */,
				36FFDB782154811000738DA0 /* shader.vsh */,
				36FFDB672154806300738DA0 /* Main.storyboard */,
				36FFDB6A2154806600738DA0 /* Assets.xcassets */,
				36FFDB6C2154806600738DA0 /* LaunchScreen.storyboard */,
				36FFDB6F2154806600738DA0 /* Info.plist */,
				36FFDB702154806600738DA0 /* main.m */,
			);
			path = OpenGLDemo;
			sourceTree = "<group>";
		};
/* End PBXGroup section */

/* Begin PBXNativeTarget section */
		36FFDB5D2154806300738DA0 /* OpenGLDemo */ = {
			isa = PBXNativeTarget;
			buildConfigurationList = 36FFDB742154806600738DA0 /* Build configuration list for PBXNativeTarget "OpenGLDemo" */;
			buildPhases = (
				36FFDB5A2154806300738DA0 /* Sources */,
				36FFDB5B2154806300738DA0 /* Frameworks */,
				36FFDB5C2154806300738DA0 /* Resources */,
			);
			buildRules = (
			);
			dependencies = (
			);
			name = OpenGLDemo;
			productName = OpenGLDemo;
			productReference = 36FFDB5E2154806300738DA0 /* OpenGLDemo.app */;
			productType = "com.apple.product-type.application";
		};
/* End PBXNativeTarget section */

/* Begin PBXProject section */
		36FFDB562154806300738DA0 /* Project object */ = {
			isa = PBXProject;
			attributes = {
				LastUpgradeCheck = 0930;
				ORGANIZATIONNAME = suruochang;
				TargetAttributes = {
					36FFDB5D2154806300738DA0 = {
						CreatedOnToolsVersion = 9.3;
					};
				};
			};
			buildConfigurationList = 36FFDB592154806300738DA0 /* Build configuration list for PBXProject "OpenGLDemo" */;
			compatibilityVersion = "Xcode 9.3";
			developmentRegion = en;
			hasScannedForEncodings = 0;
			knownRegions = (
				en,
				Base,
			);
			mainGroup = 36FFDB552154806300738DA0;
			productRefGroup = 36FFDB5F2154806300738DA0 /* Products */;
			projectDirPath = "";
			projectRoot = "";
			targets = (
				36FFDB5D2154806300738DA0 /* OpenGLDemo */,
			);
		};
/* End PBXProject section */

/* Begin PBXResourcesBuildPhase section */
		36FFDB5C2154806300738DA0 /* Resources */ = {
			isa = PBXResourcesBuildPhase;
			buildActionMask = 2147483647;
			files = (
				36FFDB7A2154811000738DA0 /* shader.vsh in Resources */,
				36FFDB7F2154865F00738DA0 /* test.jpg in Resources */,
				36FFDB822154E1F900738DA0 /* test2.jpg in Resources */,
				36FFDB792154811000738DA0 /* shader.fsh in Resources */,
				36FFDB6E2154806600738DA0 /* LaunchScreen.storyboard in Resources */,
				36FFDB6B2154806600738DA0 /* Assets.xcassets in Resources */,
				36FFDB692154806300738DA0 /* Main.storyboard in Resources */,
			);
			runOnlyForDeploymentPostprocessing = 0;
		};
/* End PBXResourcesBuildPhase section */

/* Begin PBXSourcesBuildPhase section */
		36FFDB5A2154806300738DA0 /* Sources */ = {
			isa = PBXSourcesBuildPhase;
			buildActionMask = 2147483647;
			files = (
				36FFDB662154806300738DA0 /* ViewController.m in Sources */,
				36FFDB712154806600738DA0 /* main.m in Sources */,
				36FFDB632154806300738DA0 /* AppDelegate.m in Sources */,
				36FFDB7D2154814A00738DA0 /* GLRenderView.m in Sources */,
			);
			runOnlyForDeploymentPostprocessing = 0;
		};
/* End PBXSourcesBuildPhase section */

/* Begin PBXVariantGroup section */
		36FFDB672154806300738DA0 /* Main.storyboard */ = {
			isa = PBXVariantGroup;
			children = (
				36FFDB682154806300738DA0 /* Base */,
			);
			name = Main.storyboard;
			sourceTree = "<group>";
		};
		36FFDB6C2154806600738DA0 /* LaunchScreen.storyboard */ = {
			isa = PBXVariantGroup;
			children = (
				36FFDB6D2154806600738DA0 /* Base */,
			);
			name = LaunchScreen.storyboard;
			sourceTree = "<group>";
		};
/* End PBXVariantGroup section */

/* Begin XCBuildConfiguration section */
		36FFDB722154806600738DA0 /* Debug */ = {
			isa = XCBuildConfiguration;
			buildSettings = {
				ALWAYS_SEARCH_USER_PATHS = NO;
				CLANG_ANALYZER_NONNULL = YES;
				CLANG_ANALYZER_NUMBER_OBJECT_CONVERSION = YES_AGGRESSIVE;
				CLANG_CXX_LANGUAGE_STANDARD = "gnu++14";
				CLANG_CXX_LIBRARY = "libc++";
				CLANG_ENABLE_MODULES = YES;
				CLANG_ENABLE_OBJC_ARC = YES;
				CLANG_ENABLE_OBJC_WEAK = YES;
				CLANG_WARN_BLOCK_CAPTURE_AUTORELEASING = YES;
				CLANG_WARN_BOOL_CONVERSION = YES;
				CLANG_WARN_COMMA = YES;
				CLANG_WARN_CONSTANT_CONVERSION = YES;
				CLANG_WARN_DEPRECATED_OBJC_IMPLEMENTATIONS = YES;
				CLANG_WARN_DIRECT_OBJC_ISA_USAGE = YES_ERROR;
				CLANG_WARN_DOCUMENTATION_COMMENTS = YES;
				CLANG_WARN_EMPTY_BODY = YES;
				CLANG_WARN_ENUM_CONVERSION = YES;
				CLANG_WARN_INFINITE_RECURSION = YES;
				CLANG_WARN_INT_CONVERSION = YES;
				CLANG_WARN_NON_LITERAL_NULL_CONVERSION = YES;
				CLANG_WARN_OBJC_IMPLICIT_RETAIN_SELF = YES;
				CLANG_WARN_OBJC_LITERAL_CONVERSION = YES;
				CLANG_WARN_OBJC_ROOT_CLASS = YES_ERROR;
				CLANG_WARN_RANGE_LOOP_ANALYSIS = YES;
				CLANG_WARN_STRICT_PROTOTYPES = YES;
				CLANG_WARN_SUSPICIOUS_MOVE = YES;
				CLANG_WARN_UNGUARDED_AVAILABILITY = YES_AGGRESSIVE;
				CLANG_WARN_UNREACHABLE_CODE = YES;
				CLANG_WARN__DUPLICATE_METHOD_MATCH = YES;
				CODE_SIGN_IDENTITY = "iPhone Developer";
				COPY_PHASE_STRIP = NO;
				DEBUG_INFORMATION_FORMAT = dwarf;
				ENABLE_STRICT_OBJC_MSGSEND = YES;
				ENABLE_TESTABILITY = YES;
				GCC_C_LANGUAGE_STANDARD = gnu11;
				GCC_DYNAMIC_NO_PIC = NO;
				GCC_NO_COMMON_BLOCKS = YES;
				GCC_OPTIMIZATION_LEVEL = 0;
				GCC_PREPROCESSOR_DEFINITIONS = (
					"DEBUG=1",
					"$(inherited)",
				);
				GCC_WARN_64_TO_32_BIT_CONVERSION = YES;
				GCC_WARN_ABOUT_RETURN_TYPE = YES_ERROR;
				GCC_WARN_UNDECLARED_SELECTOR = YES;
				GCC_WARN_UNINITIALIZED_AUTOS = YES_AGGRESSIVE;
				GCC_WARN_UNUSED_FUNCTION = YES;
				GCC_WARN_UNUSED_VARIABLE = YES;
				IPHONEOS_DEPLOYMENT_TARGET = 11.3;
				MTL_ENABLE_DEBUG_INFO = YES;
				ONLY_ACTIVE_ARCH = YES;
				SDKROOT = iphoneos;
			};
			name = Debug;
		};
		36FFDB732154806600738DA0 /* Release */ = {
			isa = XCBuildConfiguration;
			buildSettings = {
				ALWAYS_SEARCH_USER_PATHS = NO;
				CLANG_ANALYZER_NONNULL = YES;
				CLANG_ANALYZER_NUMBER_OBJECT_CONVERSION = YES_AGGRESSIVE;
				CLANG_CXX_LANGUAGE_STANDARD = "gnu++14";
				CLANG_CXX_LIBRARY = "libc++";
				CLANG_ENABLE_MODULES = YES;
				CLANG_ENABLE_OBJC_ARC = YES;
				CLANG_ENABLE_OBJC_WEAK = YES;
				CLANG_WARN_BLOCK_CAPTURE_AUTORELEASING = YES;
				CLANG_WARN_BOOL_CONVERSION = YES;
				CLANG_WARN_COMMA = YES;
				CLANG_WARN_CONSTANT_CONVERSION = YES;
				CLANG_WARN_DEPRECATED_OBJC_IMPLEMENTATIONS = YES;
				CLANG_WARN_DIRECT_OBJC_ISA_USAGE = YES_ERROR;
				CLANG_WARN_DOCUMENTATION_COMMENTS = YES;
				CLANG_WARN_EMPTY_BODY = YES;
				CLANG_WARN_ENUM_CONVERSION = YES;
				CLANG_WARN_INFINITE_RECURSION = YES;
				CLANG_WARN_INT_CONVERSION = YES;
				CLANG_WARN_NON_LITERAL_NULL_CONVERSION = YES;
				CLANG_WARN_OBJC_IMPLICIT_RETAIN_SELF = YES;
				CLANG_WARN_OBJC_LITERAL_CONVERSION = YES;
				CLANG_WARN_OBJC_ROOT_CLASS = YES_ERROR;
				CLANG_WARN_RANGE_LOOP_ANALYSIS = YES;
				CLANG_WARN_STRICT_PROTOTYPES = YES;
				CLANG_WARN_SUSPICIOUS_MOVE = YES;
				CLANG_WARN_UNGUARDED_AVAILABILITY = YES_AGGRESSIVE;
				CLANG_WARN_UNREACHABLE_CODE = YES;
				CLANG_WARN__DUPLICATE_METHOD_MATCH = YES;
				CODE_SIGN_IDENTITY = "iPhone Developer";
				COPY_PHASE_STRIP = NO;
				DEBUG_INFORMATION_FORMAT = "dwarf-with-dsym";
				ENABLE_NS_ASSERTIONS = NO;
				ENABLE_STRICT_OBJC_MSGSEND = YES;
				GCC_C_LANGUAGE_STANDARD = gnu11;
				GCC_NO_COMMON_BLOCKS = YES;
				GCC_WARN_64_TO_32_BIT_CONVERSION = YES;
				GCC_WARN_ABOUT_RETURN_TYPE = YES_ERROR;
				GCC_WARN_UNDECLARED_SELECTOR = YES;
				GCC_WARN_UNINITIALIZED_AUTOS = YES_AGGRESSIVE;
				GCC_WARN_UNUSED_FUNCTION = YES;
				GCC_WARN_UNUSED_VARIABLE = YES;
				IPHONEOS_DEPLOYMENT_TARGET = 11.3;
				MTL_ENABLE_DEBUG_INFO = NO;
				SDKROOT = iphoneos;
				VALIDATE_PRODUCT = YES;
			};
			name = Release;
		};
		36FFDB752154806600738DA0 /* Debug */ = {
			isa = XCBuildConfiguration;
			buildSettings = {
				ASSETCATALOG_COMPILER_APPICON_NAME = AppIcon;
				CODE_SIGN_STYLE = Manual;
				DEVELOPMENT_TEAM = B5Y4Q4J39L;
				INFOPLIST_FILE = OpenGLDemo/Info.plist;
				IPHONEOS_DEPLOYMENT_TARGET = 10.0;
				LD_RUNPATH_SEARCH_PATHS = (
					"$(inherited)",
					"@executable_path/Frameworks",
				);
				PRODUCT_BUNDLE_IDENTIFIER = com.src.opengl.demo;
				PRODUCT_NAME = "$(TARGET_NAME)";
				PROVISIONING_PROFILE = "e9e1a362-279c-4511-9c17-8d13f934f02c";
				PROVISIONING_PROFILE_SPECIFIER = com.pingan.zhiniao_dev;
				TARGETED_DEVICE_FAMILY = "1,2";
			};
			name = Debug;
		};
		36FFDB762154806600738DA0 /* Release */ = {
			isa = XCBuildConfiguration;
			buildSettings = {
				ASSETCATALOG_COMPILER_APPICON_NAME = AppIcon;
				CODE_SIGN_STYLE = Manual;
				DEVELOPMENT_TEAM = "";
				INFOPLIST_FILE = OpenGLDemo/Info.plist;
				IPHONEOS_DEPLOYMENT_TARGET = 10.0;
				LD_RUNPATH_SEARCH_PATHS = (
					"$(inherited)",
					"@executable_path/Frameworks",
				);
				PRODUCT_BUNDLE_IDENTIFIER = com.src.opengl.demo;
				PRODUCT_NAME = "$(TARGET_NAME)";
				PROVISIONING_PROFILE_SPECIFIER = "";
				TARGETED_DEVICE_FAMILY = "1,2";
			};
			name = Release;
		};
/* End XCBuildConfiguration section */

/* Begin XCConfigurationList section */
		36FFDB592154806300738DA0 /* Build configuration list for PBXProject "OpenGLDemo" */ = {
			isa = XCConfigurationList;
			buildConfigurations = (
				36FFDB722154806600738DA0 /* Debug */,
				36FFDB732154806600738DA0 /* Release */,
			);
			defaultConfigurationIsVisible = 0;
			defaultConfigurationName = Release;
		};
		36FFDB742154806600738DA0 /* Build configuration list for PBXNativeTarget "OpenGLDemo" */ = {
			isa = XCConfigurationList;
			buildConfigurations = (
				36FFDB752154806600738DA0 /* Debug */,
				36FFDB762154806600738DA0 /* Release */,
			);
			defaultConfigurationIsVisible = 0;
			defaultConfigurationName = Release;
		};
/* End XCConfigurationList section */
	};
	rootObject = 36FFDB562154806300738DA0 /* Project object */;
}
