// !$*UTF8*$!
{
	archiveVersion = 1;
	classes = {
	};
	objectVersion = 50;
	objects = {

/* Begin PBXBuildFile section */
		363D7CD9216CA69B0084C40B /* AppDelegate.m in Sources */ = {isa = PBXBuildFile; fileRef = 363D7CD8216CA69B0084C40B /* AppDelegate.m */; };
		363D7CDC216CA69B0084C40B /* ViewController.m in Sources */ = {isa = PBXBuildFile; fileRef = 363D7CDB216CA69B0084C40B /* ViewController.m */; };
		363D7CDF216CA69B0084C40B /* Main.storyboard in Resources */ = {isa = PBXBuildFile; fileRef = 363D7CDD216CA69B0084C40B /* Main.storyboard */; };
		363D7CE1216CA69D0084C40B /* Assets.xcassets in Resources */ = {isa = PBXBuildFile; fileRef = 363D7CE0216CA69D0084C40B /* Assets.xcassets */; };
		363D7CE4216CA69D0084C40B /* LaunchScreen.storyboard in Resources */ = {isa = PBXBuildFile; fileRef = 363D7CE2216CA69D0084C40B /* LaunchScreen.storyboard */; };
		363D7CE7216CA69D0084C40B /* main.m in Sources */ = {isa = PBXBuildFile; fileRef = 363D7CE6216CA69D0084C40B /* main.m */; };
		363D7CF1216CAB7D0084C40B /* shader.fsh in Resources */ = {isa = PBXBuildFile; fileRef = 363D7CEF216CAB7D0084C40B /* shader.fsh */; };
		363D7CF2216CAB7D0084C40B /* shader.vsh in Resources */ = {isa = PBXBuildFile; fileRef = 363D7CF0216CAB7D0084C40B /* shader.vsh */; };
		36A9D2712176DFC100078C30 /* timg.jpg in Resources */ = {isa = PBXBuildFile; fileRef = 36A9D2702176DFC100078C30 /* timg.jpg */; };
/* End PBXBuildFile section */

/* Begin PBXFileReference section */
		363D7CD4216CA69B0084C40B /* OpenGLDemo_GLK.app */ = {isa = PBXFileReference; explicitFileType = wrapper.application; includeInIndex = 0; path = OpenGLDemo_GLK.app; sourceTree = BUILT_PRODUCTS_DIR; };
		363D7CD7216CA69B0084C40B /* AppDelegate.h */ = {isa = PBXFileReference; lastKnownFileType = sourcecode.c.h; path = AppDelegate.h; sourceTree = "<group>"; };
		363D7CD8216CA69B0084C40B /* AppDelegate.m */ = {isa = PBXFileReference; lastKnownFileType = sourcecode.c.objc; path = AppDelegate.m; sourceTree = "<group>"; };
		363D7CDA216CA69B0084C40B /* ViewController.h */ = {isa = PBXFileReference; lastKnownFileType = sourcecode.c.h; path = ViewController.h; sourceTree = "<group>"; };
		363D7CDB216CA69B0084C40B /* ViewController.m */ = {isa = PBXFileReference; lastKnownFileType = sourcecode.c.objc; path = ViewController.m; sourceTree = "<group>"; };
		363D7CDE216CA69B0084C40B /* Base */ = {isa = PBXFileReference; lastKnownFileType = file.storyboard; name = Base; path = Base.lproj/Main.storyboard; sourceTree = "<group>"; };
		363D7CE0216CA69D0084C40B /* Assets.xcassets */ = {isa = PBXFileReference; lastKnownFileType = folder.assetcatalog; path = Assets.xcassets; sourceTree = "<group>"; };
		363D7CE3216CA69D0084C40B /* Base */ = {isa = PBXFileReference; lastKnownFileType = file.storyboard; name = Base; path = Base.lproj/LaunchScreen.storyboard; sourceTree = "<group>"; };
		363D7CE5216CA69D0084C40B /* Info.plist */ = {isa = PBXFileReference; lastKnownFileType = text.plist.xml; path = Info.plist; sourceTree = "<group>"; };
		363D7CE6216CA69D0084C40B /* main.m */ = {isa = PBXFileReference; lastKnownFileType = sourcecode.c.objc; path = main.m; sourceTree = "<group>"; };
		363D7CEF216CAB7D0084C40B /* shader.fsh */ = {isa = PBXFileReference; fileEncoding = 4; lastKnownFileType = sourcecode.glsl; path = shader.fsh; sourceTree = "<group>"; };
		363D7CF0216CAB7D0084C40B /* shader.vsh */ = {isa = PBXFileReference; fileEncoding = 4; lastKnownFileType = sourcecode.glsl; path = shader.vsh; sourceTree = "<group>"; };
		36A9D2702176DFC100078C30 /* timg.jpg */ = {isa = PBXFileReference; lastKnownFileType = image.jpeg; path = timg.jpg; sourceTree = "<group>"; };
/* End PBXFileReference section */

/* Begin PBXFrameworksBuildPhase section */
		363D7CD1216CA69B0084C40B /* Frameworks */ = {
			isa = PBXFrameworksBuildPhase;
			buildActionMask = 2147483647;
			files = (
			);
			runOnlyForDeploymentPostprocessing = 0;
		};
/* End PBXFrameworksBuildPhase section */

/* Begin PBXGroup section */
		363D7CCB216CA69B0084C40B = {
			isa = PBXGroup;
			children = (
				363D7CD6216CA69B0084C40B /* OpenGLDemo_GLK */,
				363D7CD5216CA69B0084C40B /* Products */,
			);
			sourceTree = "<group>";
		};
		363D7CD5216CA69B0084C40B /* Products */ = {
			isa = PBXGroup;
			children = (
				363D7CD4216CA69B0084C40B /* OpenGLDemo_GLK.app */,
			);
			name = Products;
			sourceTree = "<group>";
		};
		363D7CD6216CA69B0084C40B /* OpenGLDemo_GLK */ = {
			isa = PBXGroup;
			children = (
				363D7CD7216CA69B0084C40B /* AppDelegate.h */,
				363D7CD8216CA69B0084C40B /* AppDelegate.m */,
				363D7CDA216CA69B0084C40B /* ViewController.h */,
				363D7CDB216CA69B0084C40B /* ViewController.m */,
				363D7CEF216CAB7D0084C40B /* shader.fsh */,
				363D7CF0216CAB7D0084C40B /* shader.vsh */,
				363D7CDD216CA69B0084C40B /* Main.storyboard */,
				36A9D2702176DFC100078C30 /* timg.jpg */,
				363D7CE0216CA69D0084C40B /* Assets.xcassets */,
				363D7CE2216CA69D0084C40B /* LaunchScreen.storyboard */,
				363D7CE5216CA69D0084C40B /* Info.plist */,
				363D7CE6216CA69D0084C40B /* main.m */,
			);
			path = OpenGLDemo_GLK;
			sourceTree = "<group>";
		};
/* End PBXGroup section */

/* Begin PBXNativeTarget section */
		363D7CD3216CA69B0084C40B /* OpenGLDemo_GLK */ = {
			isa = PBXNativeTarget;
			buildConfigurationList = 363D7CEA216CA69D0084C40B /* Build configuration list for PBXNativeTarget "OpenGLDemo_GLK" */;
			buildPhases = (
				363D7CD0216CA69B0084C40B /* Sources */,
				363D7CD1216CA69B0084C40B /* Frameworks */,
				363D7CD2216CA69B0084C40B /* Resources */,
			);
			buildRules = (
			);
			dependencies = (
			);
			name = OpenGLDemo_GLK;
			productName = OpenGLDemo_GLK;
			productReference = 363D7CD4216CA69B0084C40B /* OpenGLDemo_GLK.app */;
			productType = "com.apple.product-type.application";
		};
/* End PBXNativeTarget section */

/* Begin PBXProject section */
		363D7CCC216CA69B0084C40B /* Project object */ = {
			isa = PBXProject;
			attributes = {
				LastUpgradeCheck = 0930;
				ORGANIZATIONNAME = suruochang;
				TargetAttributes = {
					363D7CD3216CA69B0084C40B = {
						CreatedOnToolsVersion = 9.3;
					};
				};
			};
			buildConfigurationList = 363D7CCF216CA69B0084C40B /* Build configuration list for PBXProject "OpenGLDemo_GLK" */;
			compatibilityVersion = "Xcode 9.3";
			developmentRegion = en;
			hasScannedForEncodings = 0;
			knownRegions = (
				en,
				Base,
			);
			mainGroup = 363D7CCB216CA69B0084C40B;
			productRefGroup = 363D7CD5216CA69B0084C40B /* Products */;
			projectDirPath = "";
			projectRoot = "";
			targets = (
				363D7CD3216CA69B0084C40B /* OpenGLDemo_GLK */,
			);
		};
/* End PBXProject section */

/* Begin PBXResourcesBuildPhase section */
		363D7CD2216CA69B0084C40B /* Resources */ = {
			isa = PBXResourcesBuildPhase;
			buildActionMask = 2147483647;
			files = (
				363D7CF1216CAB7D0084C40B /* shader.fsh in Resources */,
				363D7CE4216CA69D0084C40B /* LaunchScreen.storyboard in Resources */,
				363D7CE1216CA69D0084C40B /* Assets.xcassets in Resources */,
				363D7CDF216CA69B0084C40B /* Main.storyboard in Resources */,
				363D7CF2216CAB7D0084C40B /* shader.vsh in Resources */,
				36A9D2712176DFC100078C30 /* timg.jpg in Resources */,
			);
			runOnlyForDeploymentPostprocessing = 0;
		};
/* End PBXResourcesBuildPhase section */

/* Begin PBXSourcesBuildPhase section */
		363D7CD0216CA69B0084C40B /* Sources */ = {
			isa = PBXSourcesBuildPhase;
			buildActionMask = 2147483647;
			files = (
				363D7CDC216CA69B0084C40B /* ViewController.m in Sources */,
				363D7CE7216CA69D0084C40B /* main.m in Sources */,
				363D7CD9216CA69B0084C40B /* AppDelegate.m in Sources */,
			);
			runOnlyForDeploymentPostprocessing = 0;
		};
/* End PBXSourcesBuildPhase section */

/* Begin PBXVariantGroup section */
		363D7CDD216CA69B0084C40B /* Main.storyboard */ = {
			isa = PBXVariantGroup;
			children = (
				363D7CDE216CA69B0084C40B /* Base */,
			);
			name = Main.storyboard;
			sourceTree = "<group>";
		};
		363D7CE2216CA69D0084C40B /* LaunchScreen.storyboard */ = {
			isa = PBXVariantGroup;
			children = (
				363D7CE3216CA69D0084C40B /* Base */,
			);
			name = LaunchScreen.storyboard;
			sourceTree = "<group>";
		};
/* End PBXVariantGroup section */

/* Begin XCBuildConfiguration section */
		363D7CE8216CA69D0084C40B /* Debug */ = {
			isa = XCBuildConfiguration;
			buildSettings = {
				ALWAYS_SEARCH_USER_PATHS = NO;
				CLANG_ANALYZER_NONNULL = YES;
				CLANG_ANALYZER_NUMBER_OBJECT_CONVERSION = YES_AGGRESSIVE;
				CLANG_CXX_LANGUAGE_STANDARD = "gnu++14";
				CLANG_CXX_LIBRARY = "libc++";
				CLANG_ENABLE_MODULES = YES;
				CLANG_ENABLE_OBJC_ARC = YES;
				CLANG_ENABLE_OBJC_WEAK = YES;
				CLANG_WARN_BLOCK_CAPTURE_AUTORELEASING = YES;
				CLANG_WARN_BOOL_CONVERSION = YES;
				CLANG_WARN_COMMA = YES;
				CLANG_WARN_CONSTANT_CONVERSION = YES;
				CLANG_WARN_DEPRECATED_OBJC_IMPLEMENTATIONS = YES;
				CLANG_WARN_DIRECT_OBJC_ISA_USAGE = YES_ERROR;
				CLANG_WARN_DOCUMENTATION_COMMENTS = YES;
				CLANG_WARN_EMPTY_BODY = YES;
				CLANG_WARN_ENUM_CONVERSION = YES;
				CLANG_WARN_INFINITE_RECURSION = YES;
				CLANG_WARN_INT_CONVERSION = YES;
				CLANG_WARN_NON_LITERAL_NULL_CONVERSION = YES;
				CLANG_WARN_OBJC_IMPLICIT_RETAIN_SELF = YES;
				CLANG_WARN_OBJC_LITERAL_CONVERSION = YES;
				CLANG_WARN_OBJC_ROOT_CLASS = YES_ERROR;
				CLANG_WARN_RANGE_LOOP_ANALYSIS = YES;
				CLANG_WARN_STRICT_PROTOTYPES = YES;
				CLANG_WARN_SUSPICIOUS_MOVE = YES;
				CLANG_WARN_UNGUARDED_AVAILABILITY = YES_AGGRESSIVE;
				CLANG_WARN_UNREACHABLE_CODE = YES;
				CLANG_WARN__DUPLICATE_METHOD_MATCH = YES;
				CODE_SIGN_IDENTITY = "iPhone Developer";
				COPY_PHASE_STRIP = NO;
				DEBUG_INFORMATION_FORMAT = dwarf;
				ENABLE_STRICT_OBJC_MSGSEND = YES;
				ENABLE_TESTABILITY = YES;
				GCC_C_LANGUAGE_STANDARD = gnu11;
				GCC_DYNAMIC_NO_PIC = NO;
				GCC_NO_COMMON_BLOCKS = YES;
				GCC_OPTIMIZATION_LEVEL = 0;
				GCC_PREPROCESSOR_DEFINITIONS = (
					"DEBUG=1",
					"$(inherited)",
				);
				GCC_WARN_64_TO_32_BIT_CONVERSION = YES;
				GCC_WARN_ABOUT_RETURN_TYPE = YES_ERROR;
				GCC_WARN_UNDECLARED_SELECTOR = YES;
				GCC_WARN_UNINITIALIZED_AUTOS = YES_AGGRESSIVE;
				GCC_WARN_UNUSED_FUNCTION = YES;
				GCC_WARN_UNUSED_VARIABLE = YES;
				IPHONEOS_DEPLOYMENT_TARGET = 11.3;
				MTL_ENABLE_DEBUG_INFO = YES;
				ONLY_ACTIVE_ARCH = YES;
				SDKROOT = iphoneos;
			};
			name = Debug;
		};
		363D7CE9216CA69D0084C40B /* Release */ = {
			isa = XCBuildConfiguration;
			buildSettings = {
				ALWAYS_SEARCH_USER_PATHS = NO;
				CLANG_ANALYZER_NONNULL = YES;
				CLANG_ANALYZER_NUMBER_OBJECT_CONVERSION = YES_AGGRESSIVE;
				CLANG_CXX_LANGUAGE_STANDARD = "gnu++14";
				CLANG_CXX_LIBRARY = "libc++";
				CLANG_ENABLE_MODULES = YES;
				CLANG_ENABLE_OBJC_ARC = YES;
				CLANG_ENABLE_OBJC_WEAK = YES;
				CLANG_WARN_BLOCK_CAPTURE_AUTORELEASING = YES;
				CLANG_WARN_BOOL_CONVERSION = YES;
				CLANG_WARN_COMMA = YES;
				CLANG_WARN_CONSTANT_CONVERSION = YES;
				CLANG_WARN_DEPRECATED_OBJC_IMPLEMENTATIONS = YES;
				CLANG_WARN_DIRECT_OBJC_ISA_USAGE = YES_ERROR;
				CLANG_WARN_DOCUMENTATION_COMMENTS = YES;
				CLANG_WARN_EMPTY_BODY = YES;
				CLANG_WARN_ENUM_CONVERSION = YES;
				CLANG_WARN_INFINITE_RECURSION = YES;
				CLANG_WARN_INT_CONVERSION = YES;
				CLANG_WARN_NON_LITERAL_NULL_CONVERSION = YES;
				CLANG_WARN_OBJC_IMPLICIT_RETAIN_SELF = YES;
				CLANG_WARN_OBJC_LITERAL_CONVERSION = YES;
				CLANG_WARN_OBJC_ROOT_CLASS = YES_ERROR;
				CLANG_WARN_RANGE_LOOP_ANALYSIS = YES;
				CLANG_WARN_STRICT_PROTOTYPES = YES;
				CLANG_WARN_SUSPICIOUS_MOVE = YES;
				CLANG_WARN_UNGUARDED_AVAILABILITY = YES_AGGRESSIVE;
				CLANG_WARN_UNREACHABLE_CODE = YES;
				CLANG_WARN__DUPLICATE_METHOD_MATCH = YES;
				CODE_SIGN_IDENTITY = "iPhone Developer";
				COPY_PHASE_STRIP = NO;
				DEBUG_INFORMATION_FORMAT = "dwarf-with-dsym";
				ENABLE_NS_ASSERTIONS = NO;
				ENABLE_STRICT_OBJC_MSGSEND = YES;
				GCC_C_LANGUAGE_STANDARD = gnu11;
				GCC_NO_COMMON_BLOCKS = YES;
				GCC_WARN_64_TO_32_BIT_CONVERSION = YES;
				GCC_WARN_ABOUT_RETURN_TYPE = YES_ERROR;
				GCC_WARN_UNDECLARED_SELECTOR = YES;
				GCC_WARN_UNINITIALIZED_AUTOS = YES_AGGRESSIVE;
				GCC_WARN_UNUSED_FUNCTION = YES;
				GCC_WARN_UNUSED_VARIABLE = YES;
				IPHONEOS_DEPLOYMENT_TARGET = 11.3;
				MTL_ENABLE_DEBUG_INFO = NO;
				SDKROOT = iphoneos;
				VALIDATE_PRODUCT = YES;
			};
			name = Release;
		};
		363D7CEB216CA69D0084C40B /* Debug */ = {
			isa = XCBuildConfiguration;
			buildSettings = {
				ASSETCATALOG_COMPILER_APPICON_NAME = AppIcon;
				CODE_SIGN_STYLE = Manual;
				DEVELOPMENT_TEAM = B5Y4Q4J39L;
				INFOPLIST_FILE = OpenGLDemo_GLK/Info.plist;
				IPHONEOS_DEPLOYMENT_TARGET = 10.0;
				LD_RUNPATH_SEARCH_PATHS = (
					"$(inherited)",
					"@executable_path/Frameworks",
				);
				PRODUCT_BUNDLE_IDENTIFIER = COM.SRC.DEMO.OpenGLDemo;
				PRODUCT_NAME = "$(TARGET_NAME)";
				PROVISIONING_PROFILE = "e9e1a362-279c-4511-9c17-8d13f934f02c";
				PROVISIONING_PROFILE_SPECIFIER = com.pingan.zhiniao_dev;
				TARGETED_DEVICE_FAMILY = "1,2";
			};
			name = Debug;
		};
		363D7CEC216CA69D0084C40B /* Release */ = {
			isa = XCBuildConfiguration;
			buildSettings = {
				ASSETCATALOG_COMPILER_APPICON_NAME = AppIcon;
				CODE_SIGN_STYLE = Manual;
				DEVELOPMENT_TEAM = "";
				INFOPLIST_FILE = OpenGLDemo_GLK/Info.plist;
				IPHONEOS_DEPLOYMENT_TARGET = 10.0;
				LD_RUNPATH_SEARCH_PATHS = (
					"$(inherited)",
					"@executable_path/Frameworks",
				);
				PRODUCT_BUNDLE_IDENTIFIER = COM.SRC.DEMO.OpenGLDemo;
				PRODUCT_NAME = "$(TARGET_NAME)";
				PROVISIONING_PROFILE_SPECIFIER = "";
				TARGETED_DEVICE_FAMILY = "1,2";
			};
			name = Release;
		};
/* End XCBuildConfiguration section */

/* Begin XCConfigurationList section */
		363D7CCF216CA69B0084C40B /* Build configuration list for PBXProject "OpenGLDemo_GLK" */ = {
			isa = XCConfigurationList;
			buildConfigurations = (
				363D7CE8216CA69D0084C40B /* Debug */,
				363D7CE9216CA69D0084C40B /* Release */,
			);
			defaultConfigurationIsVisible = 0;
			defaultConfigurationName = Release;
		};
		363D7CEA216CA69D0084C40B /* Build configuration list for PBXNativeTarget "OpenGLDemo_GLK" */ = {
			isa = XCConfigurationList;
			buildConfigurations = (
				363D7CEB216CA69D0084C40B /* Debug */,
				363D7CEC216CA69D0084C40B /* Release */,
			);
			defaultConfigurationIsVisible = 0;
			defaultConfigurationName = Release;
		};
/* End XCConfigurationList section */
	};
	rootObject = 363D7CCC216CA69B0084C40B /* Project object */;
}
